// !$*UTF8*$!
{
	archiveVersion = 1;
	classes = {
	};
	objectVersion = 55;
	objects = {

/* Begin PBXBuildFile section */
		5F4AC30C291CCB9500749706 /* TriviaGameApp.swift in Sources */ = {isa = PBXBuildFile; fileRef = 5F4AC30B291CCB9500749706 /* TriviaGameApp.swift */; };
		5F4AC30E291CCB9500749706 /* ContentView.swift in Sources */ = {isa = PBXBuildFile; fileRef = 5F4AC30D291CCB9500749706 /* ContentView.swift */; };
		5F4AC310291CCB9600749706 /* Assets.xcassets in Resources */ = {isa = PBXBuildFile; fileRef = 5F4AC30F291CCB9600749706 /* Assets.xcassets */; };
		5F4AC313291CCB9600749706 /* Preview Assets.xcassets in Resources */ = {isa = PBXBuildFile; fileRef = 5F4AC312291CCB9600749706 /* Preview Assets.xcassets */; };
		5F4AC31B291CCCDC00749706 /* PrimaryButton.swift in Sources */ = {isa = PBXBuildFile; fileRef = 5F4AC31A291CCCDC00749706 /* PrimaryButton.swift */; };
		5F4AC31E291CCF7300749706 /* Extensions.swift in Sources */ = {isa = PBXBuildFile; fileRef = 5F4AC31D291CCF7300749706 /* Extensions.swift */; };
		5F4AC320291D167200749706 /* QuestionView.swift in Sources */ = {isa = PBXBuildFile; fileRef = 5F4AC31F291D167200749706 /* QuestionView.swift */; };
		5F4AC322291D177400749706 /* ProgressBar.swift in Sources */ = {isa = PBXBuildFile; fileRef = 5F4AC321291D177400749706 /* ProgressBar.swift */; };
		5F4AC325291D1AE200749706 /* Answer.swift in Sources */ = {isa = PBXBuildFile; fileRef = 5F4AC324291D1AE200749706 /* Answer.swift */; };
		5F4AC327291D1B6300749706 /* AnswerRow.swift in Sources */ = {isa = PBXBuildFile; fileRef = 5F4AC326291D1B6300749706 /* AnswerRow.swift */; };
		5F4AC329291D60DF00749706 /* TriviaView.swift in Sources */ = {isa = PBXBuildFile; fileRef = 5F4AC328291D60DF00749706 /* TriviaView.swift */; };
		5F4AC32B291D61C500749706 /* Trivia.swift in Sources */ = {isa = PBXBuildFile; fileRef = 5F4AC32A291D61C500749706 /* Trivia.swift */; };
		5F4AC32D291D6E1E00749706 /* TriviaManager.swift in Sources */ = {isa = PBXBuildFile; fileRef = 5F4AC32C291D6E1E00749706 /* TriviaManager.swift */; };
/* End PBXBuildFile section */

/* Begin PBXFileReference section */
		5F4AC308291CCB9500749706 /* TriviaGame.app */ = {isa = PBXFileReference; explicitFileType = wrapper.application; includeInIndex = 0; path = TriviaGame.app; sourceTree = BUILT_PRODUCTS_DIR; };
		5F4AC30B291CCB9500749706 /* TriviaGameApp.swift */ = {isa = PBXFileReference; lastKnownFileType = sourcecode.swift; path = TriviaGameApp.swift; sourceTree = "<group>"; };
		5F4AC30D291CCB9500749706 /* ContentView.swift */ = {isa = PBXFileReference; lastKnownFileType = sourcecode.swift; path = ContentView.swift; sourceTree = "<group>"; };
		5F4AC30F291CCB9600749706 /* Assets.xcassets */ = {isa = PBXFileReference; lastKnownFileType = folder.assetcatalog; path = Assets.xcassets; sourceTree = "<group>"; };
		5F4AC312291CCB9600749706 /* Preview Assets.xcassets */ = {isa = PBXFileReference; lastKnownFileType = folder.assetcatalog; path = "Preview Assets.xcassets"; sourceTree = "<group>"; };
		5F4AC31A291CCCDC00749706 /* PrimaryButton.swift */ = {isa = PBXFileReference; lastKnownFileType = sourcecode.swift; path = PrimaryButton.swift; sourceTree = "<group>"; };
		5F4AC31D291CCF7300749706 /* Extensions.swift */ = {isa = PBXFileReference; lastKnownFileType = sourcecode.swift; path = Extensions.swift; sourceTree = "<group>"; };
		5F4AC31F291D167200749706 /* QuestionView.swift */ = {isa = PBXFileReference; lastKnownFileType = sourcecode.swift; path = QuestionView.swift; sourceTree = "<group>"; };
		5F4AC321291D177400749706 /* ProgressBar.swift */ = {isa = PBXFileReference; lastKnownFileType = sourcecode.swift; path = ProgressBar.swift; sourceTree = "<group>"; };
		5F4AC324291D1AE200749706 /* Answer.swift */ = {isa = PBXFileReference; lastKnownFileType = sourcecode.swift; path = Answer.swift; sourceTree = "<group>"; };
		5F4AC326291D1B6300749706 /* AnswerRow.swift */ = {isa = PBXFileReference; lastKnownFileType = sourcecode.swift; path = AnswerRow.swift; sourceTree = "<group>"; };
		5F4AC328291D60DF00749706 /* TriviaView.swift */ = {isa = PBXFileReference; lastKnownFileType = sourcecode.swift; path = TriviaView.swift; sourceTree = "<group>"; };
		5F4AC32A291D61C500749706 /* Trivia.swift */ = {isa = PBXFileReference; lastKnownFileType = sourcecode.swift; path = Trivia.swift; sourceTree = "<group>"; };
		5F4AC32C291D6E1E00749706 /* TriviaManager.swift */ = {isa = PBXFileReference; lastKnownFileType = sourcecode.swift; path = TriviaManager.swift; sourceTree = "<group>"; };
/* End PBXFileReference section */

/* Begin PBXFrameworksBuildPhase section */
		5F4AC305291CCB9500749706 /* Frameworks */ = {
			isa = PBXFrameworksBuildPhase;
			buildActionMask = 2147483647;
			files = (
			);
			runOnlyForDeploymentPostprocessing = 0;
		};
/* End PBXFrameworksBuildPhase section */

/* Begin PBXGroup section */
		5F4AC2FF291CCB9500749706 = {
			isa = PBXGroup;
			children = (
				5F4AC30A291CCB9500749706 /* TriviaGame */,
				5F4AC309291CCB9500749706 /* Products */,
			);
			sourceTree = "<group>";
		};
		5F4AC309291CCB9500749706 /* Products */ = {
			isa = PBXGroup;
			children = (
				5F4AC308291CCB9500749706 /* TriviaGame.app */,
			);
			name = Products;
			sourceTree = "<group>";
		};
		5F4AC30A291CCB9500749706 /* TriviaGame */ = {
			isa = PBXGroup;
			children = (
				5F4AC30B291CCB9500749706 /* TriviaGameApp.swift */,
				5F4AC32C291D6E1E00749706 /* TriviaManager.swift */,
				5F4AC31D291CCF7300749706 /* Extensions.swift */,
				5F4AC31C291CCDC300749706 /* Views */,
				5F4AC319291CCCC200749706 /* Components */,
				5F4AC323291D1AC800749706 /* Models */,
				5F4AC30F291CCB9600749706 /* Assets.xcassets */,
				5F4AC311291CCB9600749706 /* Preview Content */,
			);
			path = TriviaGame;
			sourceTree = "<group>";
		};
		5F4AC311291CCB9600749706 /* Preview Content */ = {
			isa = PBXGroup;
			children = (
				5F4AC312291CCB9600749706 /* Preview Assets.xcassets */,
			);
			path = "Preview Content";
			sourceTree = "<group>";
		};
		5F4AC319291CCCC200749706 /* Components */ = {
			isa = PBXGroup;
			children = (
				5F4AC31A291CCCDC00749706 /* PrimaryButton.swift */,
				5F4AC321291D177400749706 /* ProgressBar.swift */,
				5F4AC326291D1B6300749706 /* AnswerRow.swift */,
			);
			path = Components;
			sourceTree = "<group>";
		};
		5F4AC31C291CCDC300749706 /* Views */ = {
			isa = PBXGroup;
			children = (
				5F4AC30D291CCB9500749706 /* ContentView.swift */,
				5F4AC31F291D167200749706 /* QuestionView.swift */,
				5F4AC328291D60DF00749706 /* TriviaView.swift */,
			);
			path = Views;
			sourceTree = "<group>";
		};
		5F4AC323291D1AC800749706 /* Models */ = {
			isa = PBXGroup;
			children = (
				5F4AC324291D1AE200749706 /* Answer.swift */,
				5F4AC32A291D61C500749706 /* Trivia.swift */,
			);
			path = Models;
			sourceTree = "<group>";
		};
/* End PBXGroup section */

/* Begin PBXNativeTarget section */
		5F4AC307291CCB9500749706 /* TriviaGame */ = {
			isa = PBXNativeTarget;
			buildConfigurationList = 5F4AC316291CCB9600749706 /* Build configuration list for PBXNativeTarget "TriviaGame" */;
			buildPhases = (
				5F4AC304291CCB9500749706 /* Sources */,
				5F4AC305291CCB9500749706 /* Frameworks */,
				5F4AC306291CCB9500749706 /* Resources */,
			);
			buildRules = (
			);
			dependencies = (
			);
			name = TriviaGame;
			productName = TriviaGame;
			productReference = 5F4AC308291CCB9500749706 /* TriviaGame.app */;
			productType = "com.apple.product-type.application";
		};
/* End PBXNativeTarget section */

/* Begin PBXProject section */
		5F4AC300291CCB9500749706 /* Project object */ = {
			isa = PBXProject;
			attributes = {
				BuildIndependentTargetsInParallel = 1;
				LastSwiftUpdateCheck = 1330;
				LastUpgradeCheck = 1330;
				TargetAttributes = {
					5F4AC307291CCB9500749706 = {
						CreatedOnToolsVersion = 13.3;
					};
				};
			};
			buildConfigurationList = 5F4AC303291CCB9500749706 /* Build configuration list for PBXProject "TriviaGame" */;
			compatibilityVersion = "Xcode 13.0";
			developmentRegion = en;
			hasScannedForEncodings = 0;
			knownRegions = (
				en,
				Base,
			);
			mainGroup = 5F4AC2FF291CCB9500749706;
			productRefGroup = 5F4AC309291CCB9500749706 /* Products */;
			projectDirPath = "";
			projectRoot = "";
			targets = (
				5F4AC307291CCB9500749706 /* TriviaGame */,
			);
		};
/* End PBXProject section */

/* Begin PBXResourcesBuildPhase section */
		5F4AC306291CCB9500749706 /* Resources */ = {
			isa = PBXResourcesBuildPhase;
			buildActionMask = 2147483647;
			files = (
				5F4AC313291CCB9600749706 /* Preview Assets.xcassets in Resources */,
				5F4AC310291CCB9600749706 /* Assets.xcassets in Resources */,
			);
			runOnlyForDeploymentPostprocessing = 0;
		};
/* End PBXResourcesBuildPhase section */

/* Begin PBXSourcesBuildPhase section */
		5F4AC304291CCB9500749706 /* Sources */ = {
			isa = PBXSourcesBuildPhase;
			buildActionMask = 2147483647;
			files = (
				5F4AC320291D167200749706 /* QuestionView.swift in Sources */,
				5F4AC329291D60DF00749706 /* TriviaView.swift in Sources */,
				5F4AC32B291D61C500749706 /* Trivia.swift in Sources */,
				5F4AC31B291CCCDC00749706 /* PrimaryButton.swift in Sources */,
				5F4AC32D291D6E1E00749706 /* TriviaManager.swift in Sources */,
				5F4AC327291D1B6300749706 /* AnswerRow.swift in Sources */,
				5F4AC30E291CCB9500749706 /* ContentView.swift in Sources */,
				5F4AC325291D1AE200749706 /* Answer.swift in Sources */,
				5F4AC30C291CCB9500749706 /* TriviaGameApp.swift in Sources */,
				5F4AC322291D177400749706 /* ProgressBar.swift in Sources */,
				5F4AC31E291CCF7300749706 /* Extensions.swift in Sources */,
			);
			runOnlyForDeploymentPostprocessing = 0;
		};
/* End PBXSourcesBuildPhase section */

/* Begin XCBuildConfiguration section */
		5F4AC314291CCB9600749706 /* Debug */ = {
			isa = XCBuildConfiguration;
			buildSettings = {
				ALWAYS_SEARCH_USER_PATHS = NO;
				CLANG_ANALYZER_NONNULL = YES;
				CLANG_ANALYZER_NUMBER_OBJECT_CONVERSION = YES_AGGRESSIVE;
				CLANG_CXX_LANGUAGE_STANDARD = "gnu++17";
				CLANG_ENABLE_MODULES = YES;
				CLANG_ENABLE_OBJC_ARC = YES;
				CLANG_ENABLE_OBJC_WEAK = YES;
				CLANG_WARN_BLOCK_CAPTURE_AUTORELEASING = YES;
				CLANG_WARN_BOOL_CONVERSION = YES;
				CLANG_WARN_COMMA = YES;
				CLANG_WARN_CONSTANT_CONVERSION = YES;
				CLANG_WARN_DEPRECATED_OBJC_IMPLEMENTATIONS = YES;
				CLANG_WARN_DIRECT_OBJC_ISA_USAGE = YES_ERROR;
				CLANG_WARN_DOCUMENTATION_COMMENTS = YES;
				CLANG_WARN_EMPTY_BODY = YES;
				CLANG_WARN_ENUM_CONVERSION = YES;
				CLANG_WARN_INFINITE_RECURSION = YES;
				CLANG_WARN_INT_CONVERSION = YES;
				CLANG_WARN_NON_LITERAL_NULL_CONVERSION = YES;
				CLANG_WARN_OBJC_IMPLICIT_RETAIN_SELF = YES;
				CLANG_WARN_OBJC_LITERAL_CONVERSION = YES;
				CLANG_WARN_OBJC_ROOT_CLASS = YES_ERROR;
				CLANG_WARN_QUOTED_INCLUDE_IN_FRAMEWORK_HEADER = YES;
				CLANG_WARN_RANGE_LOOP_ANALYSIS = YES;
				CLANG_WARN_STRICT_PROTOTYPES = YES;
				CLANG_WARN_SUSPICIOUS_MOVE = YES;
				CLANG_WARN_UNGUARDED_AVAILABILITY = YES_AGGRESSIVE;
				CLANG_WARN_UNREACHABLE_CODE = YES;
				CLANG_WARN__DUPLICATE_METHOD_MATCH = YES;
				COPY_PHASE_STRIP = NO;
				DEBUG_INFORMATION_FORMAT = dwarf;
				ENABLE_STRICT_OBJC_MSGSEND = YES;
				ENABLE_TESTABILITY = YES;
				GCC_C_LANGUAGE_STANDARD = gnu11;
				GCC_DYNAMIC_NO_PIC = NO;
				GCC_NO_COMMON_BLOCKS = YES;
				GCC_OPTIMIZATION_LEVEL = 0;
				GCC_PREPROCESSOR_DEFINITIONS = (
					"DEBUG=1",
					"$(inherited)",
				);
				GCC_WARN_64_TO_32_BIT_CONVERSION = YES;
				GCC_WARN_ABOUT_RETURN_TYPE = YES_ERROR;
				GCC_WARN_UNDECLARED_SELECTOR = YES;
				GCC_WARN_UNINITIALIZED_AUTOS = YES_AGGRESSIVE;
				GCC_WARN_UNUSED_FUNCTION = YES;
				GCC_WARN_UNUSED_VARIABLE = YES;
				IPHONEOS_DEPLOYMENT_TARGET = 15.4;
				MTL_ENABLE_DEBUG_INFO = INCLUDE_SOURCE;
				MTL_FAST_MATH = YES;
				ONLY_ACTIVE_ARCH = YES;
				SDKROOT = iphoneos;
				SWIFT_ACTIVE_COMPILATION_CONDITIONS = DEBUG;
				SWIFT_OPTIMIZATION_LEVEL = "-Onone";
			};
			name = Debug;
		};
		5F4AC315291CCB9600749706 /* Release */ = {
			isa = XCBuildConfiguration;
			buildSettings = {
				ALWAYS_SEARCH_USER_PATHS = NO;
				CLANG_ANALYZER_NONNULL = YES;
				CLANG_ANALYZER_NUMBER_OBJECT_CONVERSION = YES_AGGRESSIVE;
				CLANG_CXX_LANGUAGE_STANDARD = "gnu++17";
				CLANG_ENABLE_MODULES = YES;
				CLANG_ENABLE_OBJC_ARC = YES;
				CLANG_ENABLE_OBJC_WEAK = YES;
				CLANG_WARN_BLOCK_CAPTURE_AUTORELEASING = YES;
				CLANG_WARN_BOOL_CONVERSION = YES;
				CLANG_WARN_COMMA = YES;
				CLANG_WARN_CONSTANT_CONVERSION = YES;
				CLANG_WARN_DEPRECATED_OBJC_IMPLEMENTATIONS = YES;
				CLANG_WARN_DIRECT_OBJC_ISA_USAGE = YES_ERROR;
				CLANG_WARN_DOCUMENTATION_COMMENTS = YES;
				CLANG_WARN_EMPTY_BODY = YES;
				CLANG_WARN_ENUM_CONVERSION = YES;
				CLANG_WARN_INFINITE_RECURSION = YES;
				CLANG_WARN_INT_CONVERSION = YES;
				CLANG_WARN_NON_LITERAL_NULL_CONVERSION = YES;
				CLANG_WARN_OBJC_IMPLICIT_RETAIN_SELF = YES;
				CLANG_WARN_OBJC_LITERAL_CONVERSION = YES;
				CLANG_WARN_OBJC_ROOT_CLASS = YES_ERROR;
				CLANG_WARN_QUOTED_INCLUDE_IN_FRAMEWORK_HEADER = YES;
				CLANG_WARN_RANGE_LOOP_ANALYSIS = YES;
				CLANG_WARN_STRICT_PROTOTYPES = YES;
				CLANG_WARN_SUSPICIOUS_MOVE = YES;
				CLANG_WARN_UNGUARDED_AVAILABILITY = YES_AGGRESSIVE;
				CLANG_WARN_UNREACHABLE_CODE = YES;
				CLANG_WARN__DUPLICATE_METHOD_MATCH = YES;
				COPY_PHASE_STRIP = NO;
				DEBUG_INFORMATION_FORMAT = "dwarf-with-dsym";
				ENABLE_NS_ASSERTIONS = NO;
				ENABLE_STRICT_OBJC_MSGSEND = YES;
				GCC_C_LANGUAGE_STANDARD = gnu11;
				GCC_NO_COMMON_BLOCKS = YES;
				GCC_WARN_64_TO_32_BIT_CONVERSION = YES;
				GCC_WARN_ABOUT_RETURN_TYPE = YES_ERROR;
				GCC_WARN_UNDECLARED_SELECTOR = YES;
				GCC_WARN_UNINITIALIZED_AUTOS = YES_AGGRESSIVE;
				GCC_WARN_UNUSED_FUNCTION = YES;
				GCC_WARN_UNUSED_VARIABLE = YES;
				IPHONEOS_DEPLOYMENT_TARGET = 15.4;
				MTL_ENABLE_DEBUG_INFO = NO;
				MTL_FAST_MATH = YES;
				SDKROOT = iphoneos;
				SWIFT_COMPILATION_MODE = wholemodule;
				SWIFT_OPTIMIZATION_LEVEL = "-O";
				VALIDATE_PRODUCT = YES;
			};
			name = Release;
		};
		5F4AC317291CCB9600749706 /* Debug */ = {
			isa = XCBuildConfiguration;
			buildSettings = {
				ASSETCATALOG_COMPILER_APPICON_NAME = AppIcon;
				ASSETCATALOG_COMPILER_GLOBAL_ACCENT_COLOR_NAME = AccentColor;
				CODE_SIGN_STYLE = Automatic;
				CURRENT_PROJECT_VERSION = 1;
				DEVELOPMENT_ASSET_PATHS = "\"TriviaGame/Preview Content\"";
				DEVELOPMENT_TEAM = 9VM2Q82V3D;
				ENABLE_PREVIEWS = YES;
				GENERATE_INFOPLIST_FILE = YES;
				INFOPLIST_KEY_UIApplicationSceneManifest_Generation = YES;
				INFOPLIST_KEY_UIApplicationSupportsIndirectInputEvents = YES;
				INFOPLIST_KEY_UILaunchScreen_Generation = YES;
				INFOPLIST_KEY_UISupportedInterfaceOrientations_iPad = "UIInterfaceOrientationPortrait UIInterfaceOrientationPortraitUpsideDown UIInterfaceOrientationLandscapeLeft UIInterfaceOrientationLandscapeRight";
				INFOPLIST_KEY_UISupportedInterfaceOrientations_iPhone = "UIInterfaceOrientationPortrait UIInterfaceOrientationLandscapeLeft UIInterfaceOrientationLandscapeRight";
				LD_RUNPATH_SEARCH_PATHS = (
					"$(inherited)",
					"@executable_path/Frameworks",
				);
				MARKETING_VERSION = 1.0;
				PRODUCT_BUNDLE_IDENTIFIER = weSplit.com.TriviaGame;
				PRODUCT_NAME = "$(TARGET_NAME)";
				SWIFT_EMIT_LOC_STRINGS = YES;
				SWIFT_VERSION = 5.0;
				TARGETED_DEVICE_FAMILY = "1,2";
			};
			name = Debug;
		};
		5F4AC318291CCB9600749706 /* Release */ = {
			isa = XCBuildConfiguration;
			buildSettings = {
				ASSETCATALOG_COMPILER_APPICON_NAME = AppIcon;
				ASSETCATALOG_COMPILER_GLOBAL_ACCENT_COLOR_NAME = AccentColor;
				CODE_SIGN_STYLE = Automatic;
				CURRENT_PROJECT_VERSION = 1;
				DEVELOPMENT_ASSET_PATHS = "\"TriviaGame/Preview Content\"";
				DEVELOPMENT_TEAM = 9VM2Q82V3D;
				ENABLE_PREVIEWS = YES;
				GENERATE_INFOPLIST_FILE = YES;
				INFOPLIST_KEY_UIApplicationSceneManifest_Generation = YES;
				INFOPLIST_KEY_UIApplicationSupportsIndirectInputEvents = YES;
				INFOPLIST_KEY_UILaunchScreen_Generation = YES;
				INFOPLIST_KEY_UISupportedInterfaceOrientations_iPad = "UIInterfaceOrientationPortrait UIInterfaceOrientationPortraitUpsideDown UIInterfaceOrientationLandscapeLeft UIInterfaceOrientationLandscapeRight";
				INFOPLIST_KEY_UISupportedInterfaceOrientations_iPhone = "UIInterfaceOrientationPortrait UIInterfaceOrientationLandscapeLeft UIInterfaceOrientationLandscapeRight";
				LD_RUNPATH_SEARCH_PATHS = (
					"$(inherited)",
					"@executable_path/Frameworks",
				);
				MARKETING_VERSION = 1.0;
				PRODUCT_BUNDLE_IDENTIFIER = weSplit.com.TriviaGame;
				PRODUCT_NAME = "$(TARGET_NAME)";
				SWIFT_EMIT_LOC_STRINGS = YES;
				SWIFT_VERSION = 5.0;
				TARGETED_DEVICE_FAMILY = "1,2";
			};
			name = Release;
		};
/* End XCBuildConfiguration section */

/* Begin XCConfigurationList section */
		5F4AC303291CCB9500749706 /* Build configuration list for PBXProject "TriviaGame" */ = {
			isa = XCConfigurationList;
			buildConfigurations = (
				5F4AC314291CCB9600749706 /* Debug */,
				5F4AC315291CCB9600749706 /* Release */,
			);
			defaultConfigurationIsVisible = 0;
			defaultConfigurationName = Release;
		};
		5F4AC316291CCB9600749706 /* Build configuration list for PBXNativeTarget "TriviaGame" */ = {
			isa = XCConfigurationList;
			buildConfigurations = (
				5F4AC317291CCB9600749706 /* Debug */,
				5F4AC318291CCB9600749706 /* Release */,
			);
			defaultConfigurationIsVisible = 0;
			defaultConfigurationName = Release;
		};
/* End XCConfigurationList section */
	};
	rootObject = 5F4AC300291CCB9500749706 /* Project object */;
}
